
Microsoft Visual Studio Solution File, Format Version 12.00
# Visual Studio Version 17
VisualStudioVersion = 17.10.35013.160
MinimumVisualStudioVersion = 10.0.40219.1
Project("{FAE04EC0-301F-11D3-BF4B-00C04F79EFBC}") = "FocusPocus", "FocusPocus.csproj", "{18C3CAEC-5510-4C77-AAE6-AE5E7CAF2BA3}"
EndProject
Global
	GlobalSection(SolutionConfigurationPlatforms) = preSolution
		Debug|Any CPU = Debug|Any CPU
		Release|Any CPU = Release|Any CPU
	EndGlobalSection
	GlobalSection(ProjectConfigurationPlatforms) = postSolution
		{18C3CAEC-5510-4C77-AAE6-AE5E7CAF2BA3}.Debug|Any CPU.ActiveCfg = Debug|Any CPU
		{18C3CAEC-5510-4C77-AAE6-AE5E7CAF2BA3}.Debug|Any CPU.Build.0 = Debug|Any CPU
		{18C3CAEC-5510-4C77-AAE6-AE5E7CAF2BA3}.Release|Any CPU.ActiveCfg = Release|Any CPU
		{18C3CAEC-5510-4C77-AAE6-AE5E7CAF2BA3}.Release|Any CPU.Build.0 = Release|Any CPU
	EndGlobalSection
	GlobalSection(SolutionProperties) = preSolution
		HideSolutionNode = FALSE
	EndGlobalSection
	GlobalSection(ExtensibilityGlobals) = postSolution
		SolutionGuid = {8FDEB5FB-97FA-4164-B91C-06305A5FA93C}
	EndGlobalSection
EndGlobal
